
Microsoft Visual Studio Solution File, Format Version 12.00
# Visual Studio Version 16
VisualStudioVersion = 16.0.32228.343
MinimumVisualStudioVersion = 10.0.40219.1
Project("{FAE04EC0-301F-11D3-BF4B-00C04F79EFBC}") = "prjProduct_core", "prjProduct_core\prjProduct_core.csproj", "{168802C6-393A-443A-8C92-7F026CEA468C}"
EndProject
Global
	GlobalSection(SolutionConfigurationPlatforms) = preSolution
		Debug|Any CPU = Debug|Any CPU
		Release|Any CPU = Release|Any CPU
	EndGlobalSection
	GlobalSection(ProjectConfigurationPlatforms) = postSolution
		{168802C6-393A-443A-8C92-7F026CEA468C}.Debug|Any CPU.ActiveCfg = Debug|Any CPU
		{168802C6-393A-443A-8C92-7F026CEA468C}.Debug|Any CPU.Build.0 = Debug|Any CPU
		{168802C6-393A-443A-8C92-7F026CEA468C}.Release|Any CPU.ActiveCfg = Release|Any CPU
		{168802C6-393A-443A-8C92-7F026CEA468C}.Release|Any CPU.Build.0 = Release|Any CPU
	EndGlobalSection
	GlobalSection(SolutionProperties) = preSolution
		HideSolutionNode = FALSE
	EndGlobalSection
	GlobalSection(ExtensibilityGlobals) = postSolution
		SolutionGuid = {B3002B50-8CCC-4F22-B246-5776BE4BDB4F}
	EndGlobalSection
EndGlobal
